
Microsoft Visual Studio Solution File, Format Version 10.00
# Visual Studio 2008
Project("{8BC9CEB8-8B4A-11D0-8D11-00A0C91BC942}") = "Algorithms", "Sort\Sort.vcproj", "{13ADC006-9EF9-4515-BB94-F7F2EC79AF00}"
EndProject
Project("{8BC9CEB8-8B4A-11D0-8D11-00A0C91BC942}") = "BinarySearchTree", "BinarySearchTree\BinarySearchTree.vcproj", "{7E705E42-125D-4C28-962E-59C9EC86D470}"
EndProject
Global
	GlobalSection(SolutionConfigurationPlatforms) = preSolution
		Debug|Win32 = Debug|Win32
		Release|Win32 = Release|Win32
	EndGlobalSection
	GlobalSection(ProjectConfigurationPlatforms) = postSolution
		{13ADC006-9EF9-4515-BB94-F7F2EC79AF00}.Debug|Win32.ActiveCfg = Debug|Win32
		{13ADC006-9EF9-4515-BB94-F7F2EC79AF00}.Debug|Win32.Build.0 = Debug|Win32
		{13ADC006-9EF9-4515-BB94-F7F2EC79AF00}.Release|Win32.ActiveCfg = Release|Win32
		{13ADC006-9EF9-4515-BB94-F7F2EC79AF00}.Release|Win32.Build.0 = Release|Win32
		{7E705E42-125D-4C28-962E-59C9EC86D470}.Debug|Win32.ActiveCfg = Debug|Win32
		{7E705E42-125D-4C28-962E-59C9EC86D470}.Debug|Win32.Build.0 = Debug|Win32
		{7E705E42-125D-4C28-962E-59C9EC86D470}.Release|Win32.ActiveCfg = Release|Win32
		{7E705E42-125D-4C28-962E-59C9EC86D470}.Release|Win32.Build.0 = Release|Win32
	EndGlobalSection
	GlobalSection(SolutionProperties) = preSolution
		HideSolutionNode = FALSE
	EndGlobalSection
EndGlobal
